
Microsoft Visual Studio Solution File, Format Version 12.00
# Visual Studio Version 17
VisualStudioVersion = 17.4.33213.308
MinimumVisualStudioVersion = 10.0.40219.1
Project("{FAE04EC0-301F-11D3-BF4B-00C04F79EFBC}") = "MuseDashModTools", "MuseDashModTools.csproj", "{6E4C8012-72F1-405E-A1AA-5949547298CF}"
EndProject
Global
	GlobalSection(SolutionConfigurationPlatforms) = preSolution
		Debug|Any CPU = Debug|Any CPU
		Release|Any CPU = Release|Any CPU
	EndGlobalSection
	GlobalSection(ProjectConfigurationPlatforms) = postSolution
		{6E4C8012-72F1-405E-A1AA-5949547298CF}.Debug|Any CPU.ActiveCfg = Debug|Any CPU
		{6E4C8012-72F1-405E-A1AA-5949547298CF}.Debug|Any CPU.Build.0 = Debug|Any CPU
		{6E4C8012-72F1-405E-A1AA-5949547298CF}.Release|Any CPU.ActiveCfg = Release|Any CPU
		{6E4C8012-72F1-405E-A1AA-5949547298CF}.Release|Any CPU.Build.0 = Release|Any CPU
	EndGlobalSection
	GlobalSection(SolutionProperties) = preSolution
		HideSolutionNode = FALSE
	EndGlobalSection
	GlobalSection(ExtensibilityGlobals) = postSolution
		SolutionGuid = {058C95A6-CC9E-48EE-A8E6-520A3767542B}
	EndGlobalSection
EndGlobal
